PODS:
  - Alamofire (3.5.0)
  - RxNetworking (0.1.0):
    - Alamofire
    - RxSwift
  - RxSwift (2.6.0)

DEPENDENCIES:
  - RxNetworking (from `../`)

EXTERNAL SOURCES:
  RxNetworking:
    :path: "../"

SPEC CHECKSUMS:
  Alamofire: b70a7352335f8ea5babd0a923eb7e8eacc67b877
  RxNetworking: 77903176ef5e1948d2df89d86ea14335bd475f58
  RxSwift: 77f3a0b15324baa7a1c9bfa9f199648a82424e26

PODFILE CHECKSUM: 6d76157aa24a164c4c292dc6abca09b7bd9ab45a

COCOAPODS: 1.0.1
